
Microsoft Visual Studio Solution File, Format Version 12.00
# Visual Studio Version 16
VisualStudioVersion = 16.0.30011.22
MinimumVisualStudioVersion = 10.0.40219.1
Project("{FAE04EC0-301F-11D3-BF4B-00C04F79EFBC}") = "Simulation_equations", "Simulation_equations\Simulation_equations.csproj", "{EA2E0F1B-9561-4876-977B-2CE3E0EC2808}"
EndProject
Global
	GlobalSection(SolutionConfigurationPlatforms) = preSolution
		Debug|Any CPU = Debug|Any CPU
		Release|Any CPU = Release|Any CPU
	EndGlobalSection
	GlobalSection(ProjectConfigurationPlatforms) = postSolution
		{EA2E0F1B-9561-4876-977B-2CE3E0EC2808}.Debug|Any CPU.ActiveCfg = Debug|Any CPU
		{EA2E0F1B-9561-4876-977B-2CE3E0EC2808}.Debug|Any CPU.Build.0 = Debug|Any CPU
		{EA2E0F1B-9561-4876-977B-2CE3E0EC2808}.Release|Any CPU.ActiveCfg = Release|Any CPU
		{EA2E0F1B-9561-4876-977B-2CE3E0EC2808}.Release|Any CPU.Build.0 = Release|Any CPU
	EndGlobalSection
	GlobalSection(SolutionProperties) = preSolution
		HideSolutionNode = FALSE
	EndGlobalSection
	GlobalSection(ExtensibilityGlobals) = postSolution
		SolutionGuid = {3DE2E519-B100-4DE2-892D-1C3BC192D98F}
	EndGlobalSection
EndGlobal
