
Microsoft Visual Studio Solution File, Format Version 12.00
# Visual Studio Version 16
VisualStudioVersion = 16.0.30011.22
MinimumVisualStudioVersion = 10.0.40219.1
Project("{FAE04EC0-301F-11D3-BF4B-00C04F79EFBC}") = "Simulation_equations", "Simulation_equations\Simulation_equations.csproj", "{37E88364-73BE-44B1-908C-33590FEF387A}"
EndProject
Global
	GlobalSection(SolutionConfigurationPlatforms) = preSolution
		Debug|Any CPU = Debug|Any CPU
		Release|Any CPU = Release|Any CPU
	EndGlobalSection
	GlobalSection(ProjectConfigurationPlatforms) = postSolution
		{37E88364-73BE-44B1-908C-33590FEF387A}.Debug|Any CPU.ActiveCfg = Debug|Any CPU
		{37E88364-73BE-44B1-908C-33590FEF387A}.Debug|Any CPU.Build.0 = Debug|Any CPU
		{37E88364-73BE-44B1-908C-33590FEF387A}.Release|Any CPU.ActiveCfg = Release|Any CPU
		{37E88364-73BE-44B1-908C-33590FEF387A}.Release|Any CPU.Build.0 = Release|Any CPU
	EndGlobalSection
	GlobalSection(SolutionProperties) = preSolution
		HideSolutionNode = FALSE
	EndGlobalSection
	GlobalSection(ExtensibilityGlobals) = postSolution
		SolutionGuid = {98468A3A-14B6-4B34-BDE7-1AF107A3A5C5}
	EndGlobalSection
EndGlobal
